Microsoft Visual Studio Solution File, Format Version 12.00
# Visual Studio Version 17
VisualStudioVersion = 17.5.2.0
MinimumVisualStudioVersion = 10.0.40219.1
Project("{FAE04EC0-301F-11D3-BF4B-00C04F79EFBC}") = "Entwin.Shared", "Entwin.Shared.csproj", "{9F7A85F3-AD2F-9B06-161F-53938202F3E9}"
EndProject
Global
	GlobalSection(SolutionConfigurationPlatforms) = preSolution
		Debug|Any CPU = Debug|Any CPU
		Release|Any CPU = Release|Any CPU
	EndGlobalSection
	GlobalSection(ProjectConfigurationPlatforms) = postSolution
		{9F7A85F3-AD2F-9B06-161F-53938202F3E9}.Debug|Any CPU.ActiveCfg = Debug|Any CPU
		{9F7A85F3-AD2F-9B06-161F-53938202F3E9}.Debug|Any CPU.Build.0 = Debug|Any CPU
		{9F7A85F3-AD2F-9B06-161F-53938202F3E9}.Release|Any CPU.ActiveCfg = Release|Any CPU
		{9F7A85F3-AD2F-9B06-161F-53938202F3E9}.Release|Any CPU.Build.0 = Release|Any CPU
	EndGlobalSection
	GlobalSection(SolutionProperties) = preSolution
		HideSolutionNode = FALSE
	EndGlobalSection
	GlobalSection(ExtensibilityGlobals) = postSolution
		SolutionGuid = {AD0C7351-7F43-4D2D-8E86-08DD5A1CB574}
	EndGlobalSection
EndGlobal
